
Microsoft Visual Studio Solution File, Format Version 12.00
# Visual Studio 15
VisualStudioVersion = 15.0.28307.902
MinimumVisualStudioVersion = 10.0.40219.1
Project("{FAE04EC0-301F-11D3-BF4B-00C04F79EFBC}") = "le_site.web", "le_site.web\le_site.web.csproj", "{86B713CB-2AE3-43AB-89F3-641B01FC33E8}"
EndProject
Project("{FAE04EC0-301F-11D3-BF4B-00C04F79EFBC}") = "le_site.Data", "le_site.Data\le_site.Data.csproj", "{ED0AE902-F43D-44C9-A3C0-855D1E1402B9}"
EndProject
Project("{FAE04EC0-301F-11D3-BF4B-00C04F79EFBC}") = "le_site.Core", "le_site.Core\le_site.Core.csproj", "{9A497480-140D-4B4A-9D32-6661AE0FD7DE}"
EndProject
Project("{FAE04EC0-301F-11D3-BF4B-00C04F79EFBC}") = "le_site.Repository", "le_site.Repository\le_site.Repository.csproj", "{8005354C-5053-4CE8-ADFB-18CF08757941}"
EndProject
Global
	GlobalSection(SolutionConfigurationPlatforms) = preSolution
		Debug|Any CPU = Debug|Any CPU
		Release|Any CPU = Release|Any CPU
	EndGlobalSection
	GlobalSection(ProjectConfigurationPlatforms) = postSolution
		{86B713CB-2AE3-43AB-89F3-641B01FC33E8}.Debug|Any CPU.ActiveCfg = Debug|Any CPU
		{86B713CB-2AE3-43AB-89F3-641B01FC33E8}.Debug|Any CPU.Build.0 = Debug|Any CPU
		{86B713CB-2AE3-43AB-89F3-641B01FC33E8}.Release|Any CPU.ActiveCfg = Release|Any CPU
		{86B713CB-2AE3-43AB-89F3-641B01FC33E8}.Release|Any CPU.Build.0 = Release|Any CPU
		{ED0AE902-F43D-44C9-A3C0-855D1E1402B9}.Debug|Any CPU.ActiveCfg = Debug|Any CPU
		{ED0AE902-F43D-44C9-A3C0-855D1E1402B9}.Debug|Any CPU.Build.0 = Debug|Any CPU
		{ED0AE902-F43D-44C9-A3C0-855D1E1402B9}.Release|Any CPU.ActiveCfg = Release|Any CPU
		{ED0AE902-F43D-44C9-A3C0-855D1E1402B9}.Release|Any CPU.Build.0 = Release|Any CPU
		{9A497480-140D-4B4A-9D32-6661AE0FD7DE}.Debug|Any CPU.ActiveCfg = Debug|Any CPU
		{9A497480-140D-4B4A-9D32-6661AE0FD7DE}.Debug|Any CPU.Build.0 = Debug|Any CPU
		{9A497480-140D-4B4A-9D32-6661AE0FD7DE}.Release|Any CPU.ActiveCfg = Release|Any CPU
		{9A497480-140D-4B4A-9D32-6661AE0FD7DE}.Release|Any CPU.Build.0 = Release|Any CPU
		{8005354C-5053-4CE8-ADFB-18CF08757941}.Debug|Any CPU.ActiveCfg = Debug|Any CPU
		{8005354C-5053-4CE8-ADFB-18CF08757941}.Debug|Any CPU.Build.0 = Debug|Any CPU
		{8005354C-5053-4CE8-ADFB-18CF08757941}.Release|Any CPU.ActiveCfg = Release|Any CPU
		{8005354C-5053-4CE8-ADFB-18CF08757941}.Release|Any CPU.Build.0 = Release|Any CPU
	EndGlobalSection
	GlobalSection(SolutionProperties) = preSolution
		HideSolutionNode = FALSE
	EndGlobalSection
	GlobalSection(ExtensibilityGlobals) = postSolution
		SolutionGuid = {4CB1FCE9-CCC2-456F-B4D7-61C607194763}
	EndGlobalSection
EndGlobal
